lockfileVersion: 5.3

specifiers:
  autoprefixer: ^9.8.6
  material-design-icons: ^3.0.1
  postcss-cli: ^7.1.2

dependencies:
  material-design-icons: 3.0.1

devDependencies:
  autoprefixer: 9.8.6
  postcss-cli: 7.1.2

packages:

  /@nodelib/fs.scandir/2.1.3:
    resolution: {integrity: sha512-eGmwYQn3gxo4r7jdQnkrrN6bY478C3P+a/y72IJukF8LjB6ZHeB3c+Ehacj3sYeSmUXGlnA67/PmbM9CVwL7Dw==}
    engines: {node: '>= 8'}
    dependencies:
      '@nodelib/fs.stat': 2.0.3
      run-parallel: 1.1.9
    dev: true

  /@nodelib/fs.stat/2.0.3:
    resolution: {integrity: sha512-bQBFruR2TAwoevBEd/NWMoAAtNGzTRgdrqnYCc7dhzfoNvqPzLyqlEQnzZ3kVnNrSp25iyxE00/3h2fqGAGArA==}
    engines: {node: '>= 8'}
    dev: true

  /@nodelib/fs.walk/1.2.4:
    resolution: {integrity: sha512-1V9XOY4rDW0rehzbrcqAmHnz8e7SKvX27gh8Gt2WgB0+pdzdiLV83p72kZPU+jvMbS1qU5mauP2iOvO8rhmurQ==}
    engines: {node: '>= 8'}
    dependencies:
      '@nodelib/fs.scandir': 2.1.3
      fastq: 1.8.0
    dev: true

  /ansi-regex/5.0.0:
    resolution: {integrity: sha512-bY6fj56OUQ0hU1KjFNDQuJFezqKdrAyFdIevADiqrWHwSlbmBNMHp5ak2f40Pm8JTFyM2mqxkG6ngkHO11f/lg==}
    engines: {node: '>=8'}
    dev: true

  /ansi-styles/3.2.1:
    resolution: {integrity: sha512-VT0ZI6kZRdTh8YyJw3SMbYm/u+NqfsAxEpWO0Pf9sq8/e94WxxOpPKx9FR1FlyCtOVDNOQ+8ntlqFxiRc+r5qA==}
    engines: {node: '>=4'}
    dependencies:
      color-convert: 1.9.3
    dev: true

  /ansi-styles/4.3.0:
    resolution: {integrity: sha512-zbB9rCJAT1rbjiVDb2hqKFHNYLxgtk8NURxZ3IZwD3F6NtxbXZQCnnSi1Lkx+IDohdPlFp222wVALIheZJQSEg==}
    engines: {node: '>=8'}
    dependencies:
      color-convert: 2.0.1
    dev: true

  /anymatch/3.1.1:
    resolution: {integrity: sha512-mM8522psRCqzV+6LhomX5wgp25YVibjh8Wj23I5RPkPppSVSjyKD2A2mBJmWGa+KN7f2D6LNh9jkBCeyLktzjg==}
    engines: {node: '>= 8'}
    dependencies:
      normalize-path: 3.0.0
      picomatch: 2.2.2
    dev: true

  /argparse/1.0.10:
    resolution: {integrity: sha512-o5Roy6tNG4SL/FOkCAN6RzjiakZS25RLYFrcMttJqbdd8BWrnA+fGz57iN5Pb06pvBGvl5gQ0B48dJlslXvoTg==}
    dependencies:
      sprintf-js: 1.0.3
    dev: true

  /array-union/2.1.0:
    resolution: {integrity: sha512-HGyxoOTYUyCM6stUe6EJgnd4EoewAI7zMdfqO+kGjnlZmBDz/cR5pf8r/cR4Wq60sL/p0IkcjUEEPwS3GFrIyw==}
    engines: {node: '>=8'}
    dev: true

  /at-least-node/1.0.0:
    resolution: {integrity: sha512-+q/t7Ekv1EDY2l6Gda6LLiX14rU9TV20Wa3ofeQmwPFZbOMo9DXrLbOjFaaclkXKWidIaopwAObQDqwWtGUjqg==}
    engines: {node: '>= 4.0.0'}
    dev: true

  /autoprefixer/9.8.6:
    resolution: {integrity: sha512-XrvP4VVHdRBCdX1S3WXVD8+RyG9qeb1D5Sn1DeLiG2xfSpzellk5k54xbUERJ3M5DggQxes39UGOTP8CFrEGbg==}
    hasBin: true
    dependencies:
      browserslist: 4.16.6
      caniuse-lite: 1.0.30001230
      colorette: 1.2.2
      normalize-range: 0.1.2
      num2fraction: 1.2.2
      postcss: 7.0.36
      postcss-value-parser: 4.1.0
    dev: true

  /binary-extensions/2.1.0:
    resolution: {integrity: sha512-1Yj8h9Q+QDF5FzhMs/c9+6UntbD5MkRfRwac8DoEm9ZfUBZ7tZ55YcGVAzEe4bXsdQHEk+s9S5wsOKVdZrw0tQ==}
    engines: {node: '>=8'}
    dev: true

  /braces/3.0.2:
    resolution: {integrity: sha512-b8um+L1RzM3WDSzvhm6gIz1yfTbBt6YTlcEKAvsmqCZZFw46z626lVj9j1yEPW33H5H+lBQpZMP1k8l+78Ha0A==}
    engines: {node: '>=8'}
    dependencies:
      fill-range: 7.0.1
    dev: true

  /browserslist/4.16.6:
    resolution: {integrity: sha512-Wspk/PqO+4W9qp5iUTJsa1B/QrYn1keNCcEP5OvP7WBwT4KaDly0uONYmC6Xa3Z5IqnUgS0KcgLYu1l74x0ZXQ==}
    engines: {node: ^6 || ^7 || ^8 || ^9 || ^10 || ^11 || ^12 || >=13.7}
    hasBin: true
    dependencies:
      caniuse-lite: 1.0.30001230
      colorette: 1.2.2
      electron-to-chromium: 1.3.739
      escalade: 3.1.1
      node-releases: 1.1.72
    dev: true

  /caller-callsite/2.0.0:
    resolution: {integrity: sha1-hH4PzgoiN1CpoCfFSzNzGtMVQTQ=}
    engines: {node: '>=4'}
    dependencies:
      callsites: 2.0.0
    dev: true

  /caller-path/2.0.0:
    resolution: {integrity: sha1-Ro+DBE42mrIBD6xfBs7uFbsssfQ=}
    engines: {node: '>=4'}
    dependencies:
      caller-callsite: 2.0.0
    dev: true

  /callsites/2.0.0:
    resolution: {integrity: sha1-BuuE8A7qQT2oav/vrL/7Ngk7PFA=}
    engines: {node: '>=4'}
    dev: true

  /camelcase/5.3.1:
    resolution: {integrity: sha512-L28STB170nwWS63UjtlEOE3dldQApaJXZkOI1uMFfzf3rRuPegHaHesyee+YxQ+W6SvRDQV6UrdOdRiR153wJg==}
    engines: {node: '>=6'}
    dev: true

  /caniuse-lite/1.0.30001230:
    resolution: {integrity: sha512-5yBd5nWCBS+jWKTcHOzXwo5xzcj4ePE/yjtkZyUV1BTUmrBaA9MRGC+e7mxnqXSA90CmCA8L3eKLaSUkt099IQ==}
    dev: true

  /chalk/2.4.2:
    resolution: {integrity: sha512-Mti+f9lpJNcwF4tWV8/OrTTtF1gZi+f8FqlyAdouralcFWFQWF2+NgCHShjkCb+IFBLq9buZwE1xckQU4peSuQ==}
    engines: {node: '>=4'}
    dependencies:
      ansi-styles: 3.2.1
      escape-string-regexp: 1.0.5
      supports-color: 5.5.0
    dev: true

  /chalk/4.1.0:
    resolution: {integrity: sha512-qwx12AxXe2Q5xQ43Ac//I6v5aXTipYrSESdOgzrN+9XjgEpyjpKuvSGaN4qE93f7TQTlerQQ8S+EQ0EyDoVL1A==}
    engines: {node: '>=10'}
    dependencies:
      ansi-styles: 4.3.0
      supports-color: 7.2.0
    dev: true

  /chokidar/3.4.3:
    resolution: {integrity: sha512-DtM3g7juCXQxFVSNPNByEC2+NImtBuxQQvWlHunpJIS5Ocr0lG306cC7FCi7cEA0fzmybPUIl4txBIobk1gGOQ==}
    engines: {node: '>= 8.10.0'}
    dependencies:
      anymatch: 3.1.1
      braces: 3.0.2
      glob-parent: 5.1.2
      is-binary-path: 2.1.0
      is-glob: 4.0.1
      normalize-path: 3.0.0
      readdirp: 3.5.0
    optionalDependencies:
      fsevents: 2.1.3
    dev: true

  /cliui/6.0.0:
    resolution: {integrity: sha512-t6wbgtoCXvAzst7QgXxJYqPt0usEfbgQdftEPbLL/cvv6HPE5VgvqCuAIDR0NgU52ds6rFwqrgakNLrHEjCbrQ==}
    dependencies:
      string-width: 4.2.0
      strip-ansi: 6.0.0
      wrap-ansi: 6.2.0
    dev: true

  /color-convert/1.9.3:
    resolution: {integrity: sha512-QfAUtd+vFdAtFQcC8CCyYt1fYWxSqAiK2cSD6zDB8N3cpsEBAvRxp9zOGg6G/SHHJYAT88/az/IuDGALsNVbGg==}
    dependencies:
      color-name: 1.1.3
    dev: true

  /color-convert/2.0.1:
    resolution: {integrity: sha512-RRECPsj7iu/xb5oKYcsFHSppFNnsj/52OVTRKb4zP5onXwVF3zVmmToNcOfGC+CRDpfK/U584fMg38ZHCaElKQ==}
    engines: {node: '>=7.0.0'}
    dependencies:
      color-name: 1.1.4
    dev: true

  /color-name/1.1.3:
    resolution: {integrity: sha1-p9BVi9icQveV3UIyj3QIMcpTvCU=}
    dev: true

  /color-name/1.1.4:
    resolution: {integrity: sha512-dOy+3AuW3a2wNbZHIuMZpTcgjGuLU/uBL/ubcZF9OXbDo8ff4O8yVp5Bf0efS8uEoYo5q4Fx7dY9OgQGXgAsQA==}
    dev: true

  /colorette/1.2.2:
    resolution: {integrity: sha512-MKGMzyfeuutC/ZJ1cba9NqcNpfeqMUcYmyF1ZFY6/Cn7CNSAKx6a+s48sqLqyAiZuaP2TcqMhoo+dlwFnVxT9w==}
    dev: true

  /cosmiconfig/5.2.1:
    resolution: {integrity: sha512-H65gsXo1SKjf8zmrJ67eJk8aIRKV5ff2D4uKZIBZShbhGSpEmsQOPW/SKMKYhSTrqR7ufy6RP69rPogdaPh/kA==}
    engines: {node: '>=4'}
    dependencies:
      import-fresh: 2.0.0
      is-directory: 0.3.1
      js-yaml: 3.14.0
      parse-json: 4.0.0
    dev: true

  /decamelize/1.2.0:
    resolution: {integrity: sha1-9lNNFRSCabIDUue+4m9QH5oZEpA=}
    engines: {node: '>=0.10.0'}
    dev: true

  /dependency-graph/0.9.0:
    resolution: {integrity: sha512-9YLIBURXj4DJMFALxXw9K3Y3rwb5Fk0X5/8ipCzaN84+gKxoHK43tVKRNakCQbiEx07E8Uwhuq21BpUagFhZ8w==}
    engines: {node: '>= 0.6.0'}
    dev: true

  /dir-glob/3.0.1:
    resolution: {integrity: sha512-WkrWp9GR4KXfKGYzOLmTuGVi1UWFfws377n9cc55/tb6DuqyF6pcQ5AbiHEshaDpY9v6oaSr2XCDidGmMwdzIA==}
    engines: {node: '>=8'}
    dependencies:
      path-type: 4.0.0
    dev: true

  /electron-to-chromium/1.3.739:
    resolution: {integrity: sha512-+LPJVRsN7hGZ9EIUUiWCpO7l4E3qBYHNadazlucBfsXBbccDFNKUBAgzE68FnkWGJPwD/AfKhSzL+G+Iqb8A4A==}
    dev: true

  /emoji-regex/8.0.0:
    resolution: {integrity: sha512-MSjYzcWNOA0ewAHpz0MxpYFvwg6yjy1NG3xteoqz644VCo/RPgnr1/GGt+ic3iJTzQ8Eu3TdM14SawnVUmGE6A==}
    dev: true

  /error-ex/1.3.2:
    resolution: {integrity: sha512-7dFHNmqeFSEt2ZBsCriorKnn3Z2pj+fd9kmI6QoWw4//DL+icEBfc0U7qJCisqrTsKTjw4fNFy2pW9OqStD84g==}
    dependencies:
      is-arrayish: 0.2.1
    dev: true

  /escalade/3.1.1:
    resolution: {integrity: sha512-k0er2gUkLf8O0zKJiAhmkTnJlTvINGv7ygDNPbeIsX/TJjGJZHuh9B2UxbsaEkmlEo9MfhrSzmhIlhRlI2GXnw==}
    engines: {node: '>=6'}
    dev: true

  /escape-string-regexp/1.0.5:
    resolution: {integrity: sha1-G2HAViGQqN/2rjuyzwIAyhMLhtQ=}
    engines: {node: '>=0.8.0'}
    dev: true

  /esprima/4.0.1:
    resolution: {integrity: sha512-eGuFFw7Upda+g4p+QHvnW0RyTX/SVeJBDM/gCtMARO0cLuT2HcEKnTPvhjV6aGeqrCB/sbNop0Kszm0jsaWU4A==}
    engines: {node: '>=4'}
    hasBin: true
    dev: true

  /fast-glob/3.2.4:
    resolution: {integrity: sha512-kr/Oo6PX51265qeuCYsyGypiO5uJFgBS0jksyG7FUeCyQzNwYnzrNIMR1NXfkZXsMYXYLRAHgISHBz8gQcxKHQ==}
    engines: {node: '>=8'}
    dependencies:
      '@nodelib/fs.stat': 2.0.3
      '@nodelib/fs.walk': 1.2.4
      glob-parent: 5.1.2
      merge2: 1.4.1
      micromatch: 4.0.2
      picomatch: 2.2.2
    dev: true

  /fastq/1.8.0:
    resolution: {integrity: sha512-SMIZoZdLh/fgofivvIkmknUXyPnvxRE3DhtZ5Me3Mrsk5gyPL42F0xr51TdRXskBxHfMp+07bcYzfsYEsSQA9Q==}
    dependencies:
      reusify: 1.0.4
    dev: true

  /fill-range/7.0.1:
    resolution: {integrity: sha512-qOo9F+dMUmC2Lcb4BbVvnKJxTPjCm+RRpe4gDuGrzkL7mEVl/djYSu2OdQ2Pa302N4oqkSg9ir6jaLWJ2USVpQ==}
    engines: {node: '>=8'}
    dependencies:
      to-regex-range: 5.0.1
    dev: true

  /find-up/4.1.0:
    resolution: {integrity: sha512-PpOwAdQ/YlXQ2vj8a3h8IipDuYRi3wceVQQGYWxNINccq40Anw7BlsEXCMbt1Zt+OLA6Fq9suIpIWD0OsnISlw==}
    engines: {node: '>=8'}
    dependencies:
      locate-path: 5.0.0
      path-exists: 4.0.0
    dev: true

  /fs-extra/9.0.1:
    resolution: {integrity: sha512-h2iAoN838FqAFJY2/qVpzFXy+EBxfVE220PalAqQLDVsFOHLJrZvut5puAbCdNv6WJk+B8ihI+k0c7JK5erwqQ==}
    engines: {node: '>=10'}
    dependencies:
      at-least-node: 1.0.0
      graceful-fs: 4.2.4
      jsonfile: 6.0.1
      universalify: 1.0.0
    dev: true

  /fsevents/2.1.3:
    resolution: {integrity: sha512-Auw9a4AxqWpa9GUfj370BMPzzyncfBABW8Mab7BGWBYDj4Isgq+cDKtx0i6u9jcX9pQDnswsaaOTgTmA5pEjuQ==}
    engines: {node: ^8.16.0 || ^10.6.0 || >=11.0.0}
    os: [darwin]
    deprecated: '"Please update to latest v2.3 or v2.2"'
    requiresBuild: true
    dev: true
    optional: true

  /get-caller-file/2.0.5:
    resolution: {integrity: sha512-DyFP3BM/3YHTQOCUL/w0OZHR0lpKeGrxotcHWcqNEdnltqFwXVfhEBQ94eIo34AfQpo0rGki4cyIiftY06h2Fg==}
    engines: {node: 6.* || 8.* || >= 10.*}
    dev: true

  /get-stdin/8.0.0:
    resolution: {integrity: sha512-sY22aA6xchAzprjyqmSEQv4UbAAzRN0L2dQB0NlN5acTTK9Don6nhoc3eAbUnpZiCANAMfd/+40kVdKfFygohg==}
    engines: {node: '>=10'}
    dev: true

  /glob-parent/5.1.2:
    resolution: {integrity: sha512-AOIgSQCepiJYwP3ARnGx+5VnTu2HBYdzbGP45eLw1vr3zB3vZLeyed1sC9hnbcOc9/SrMyM5RPQrkGz4aS9Zow==}
    engines: {node: '>= 6'}
    dependencies:
      is-glob: 4.0.1
    dev: true

  /globby/11.0.1:
    resolution: {integrity: sha512-iH9RmgwCmUJHi2z5o2l3eTtGBtXek1OYlHrbcxOYugyHLmAsZrPj43OtHThd62Buh/Vv6VyCBD2bdyWcGNQqoQ==}
    engines: {node: '>=10'}
    dependencies:
      array-union: 2.1.0
      dir-glob: 3.0.1
      fast-glob: 3.2.4
      ignore: 5.1.8
      merge2: 1.4.1
      slash: 3.0.0
    dev: true

  /graceful-fs/4.2.4:
    resolution: {integrity: sha512-WjKPNJF79dtJAVniUlGGWHYGz2jWxT6VhN/4m1NdkbZ2nOsEF+cI1Edgql5zCRhs/VsQYRvrXctxktVXZUkixw==}
    dev: true

  /has-flag/3.0.0:
    resolution: {integrity: sha1-tdRU3CGZriJWmfNGfloH87lVuv0=}
    engines: {node: '>=4'}
    dev: true

  /has-flag/4.0.0:
    resolution: {integrity: sha512-EykJT/Q1KjTWctppgIAgfSO0tKVuZUjhgMr17kqTumMl6Afv3EISleU7qZUzoXDFTAHTDC4NOoG/ZxU3EvlMPQ==}
    engines: {node: '>=8'}
    dev: true

  /ignore/5.1.8:
    resolution: {integrity: sha512-BMpfD7PpiETpBl/A6S498BaIJ6Y/ABT93ETbby2fP00v4EbvPBXWEoaR1UBPKs3iR53pJY7EtZk5KACI57i1Uw==}
    engines: {node: '>= 4'}
    dev: true

  /import-cwd/2.1.0:
    resolution: {integrity: sha1-qmzzbnInYShcs3HsZRn1PiQ1sKk=}
    engines: {node: '>=4'}
    dependencies:
      import-from: 2.1.0
    dev: true

  /import-fresh/2.0.0:
    resolution: {integrity: sha1-2BNVwVYS04bGH53dOSLUMEgipUY=}
    engines: {node: '>=4'}
    dependencies:
      caller-path: 2.0.0
      resolve-from: 3.0.0
    dev: true

  /import-from/2.1.0:
    resolution: {integrity: sha1-M1238qev/VOqpHHUuAId7ja387E=}
    engines: {node: '>=4'}
    dependencies:
      resolve-from: 3.0.0
    dev: true

  /is-arrayish/0.2.1:
    resolution: {integrity: sha1-d8mYQFJ6qOyxqLppe4BkWnqSap0=}
    dev: true

  /is-binary-path/2.1.0:
    resolution: {integrity: sha512-ZMERYes6pDydyuGidse7OsHxtbI7WVeUEozgR/g7rd0xUimYNlvZRE/K2MgZTjWy725IfelLeVcEM97mmtRGXw==}
    engines: {node: '>=8'}
    dependencies:
      binary-extensions: 2.1.0
    dev: true

  /is-directory/0.3.1:
    resolution: {integrity: sha1-YTObbyR1/Hcv2cnYP1yFddwVSuE=}
    engines: {node: '>=0.10.0'}
    dev: true

  /is-extglob/2.1.1:
    resolution: {integrity: sha1-qIwCU1eR8C7TfHahueqXc8gz+MI=}
    engines: {node: '>=0.10.0'}
    dev: true

  /is-fullwidth-code-point/3.0.0:
    resolution: {integrity: sha512-zymm5+u+sCsSWyD9qNaejV3DFvhCKclKdizYaJUuHA83RLjb7nSuGnddCHGv0hk+KY7BMAlsWeK4Ueg6EV6XQg==}
    engines: {node: '>=8'}
    dev: true

  /is-glob/4.0.1:
    resolution: {integrity: sha512-5G0tKtBTFImOqDnLB2hG6Bp2qcKEFduo4tZu9MT/H6NQv/ghhy30o55ufafxJ/LdH79LLs2Kfrn85TLKyA7BUg==}
    engines: {node: '>=0.10.0'}
    dependencies:
      is-extglob: 2.1.1
    dev: true

  /is-number/7.0.0:
    resolution: {integrity: sha512-41Cifkg6e8TylSpdtTpeLVMqvSBEVzTttHvERD741+pnZ8ANv0004MRL43QKPDlK9cGvNp6NZWZUBlbGXYxxng==}
    engines: {node: '>=0.12.0'}
    dev: true

  /js-yaml/3.14.0:
    resolution: {integrity: sha512-/4IbIeHcD9VMHFqDR/gQ7EdZdLimOvW2DdcxFjdyyZ9NsbS+ccrXqVWDtab/lRl5AlUqmpBx8EhPaWR+OtY17A==}
    hasBin: true
    dependencies:
      argparse: 1.0.10
      esprima: 4.0.1
    dev: true

  /json-parse-better-errors/1.0.2:
    resolution: {integrity: sha512-mrqyZKfX5EhL7hvqcV6WG1yYjnjeuYDzDhhcAAUrq8Po85NBQBJP+ZDUT75qZQ98IkUoBqdkExkukOU7Ts2wrw==}
    dev: true

  /jsonfile/6.0.1:
    resolution: {integrity: sha512-jR2b5v7d2vIOust+w3wtFKZIfpC2pnRmFAhAC/BuweZFQR8qZzxH1OyrQ10HmdVYiXWkYUqPVsz91cG7EL2FBg==}
    dependencies:
      universalify: 1.0.0
    optionalDependencies:
      graceful-fs: 4.2.4
    dev: true

  /locate-path/5.0.0:
    resolution: {integrity: sha512-t7hw9pI+WvuwNJXwk5zVHpyhIqzg2qTlklJOf0mVxGSbe3Fp2VieZcduNYjaLDoy6p9uGpQEGWG87WpMKlNq8g==}
    engines: {node: '>=8'}
    dependencies:
      p-locate: 4.1.0
    dev: true

  /lodash/4.17.21:
    resolution: {integrity: sha512-v2kDEe57lecTulaDIuNTPy3Ry4gLGJ6Z1O3vE1krgXZNrsQ+LFTGHVxVjcXPs17LhbZVGedAJv8XZ1tvj5FvSg==}
    dev: true

  /log-symbols/2.2.0:
    resolution: {integrity: sha512-VeIAFslyIerEJLXHziedo2basKbMKtTw3vfn5IzG0XTjhAVEJyNHnL2p7vc+wBDSdQuUpNw3M2u6xb9QsAY5Eg==}
    engines: {node: '>=4'}
    dependencies:
      chalk: 2.4.2
    dev: true

  /material-design-icons/3.0.1:
    resolution: {integrity: sha1-mnHEh0chjrylHlGmbaaCA4zct78=}
    dev: false

  /merge2/1.4.1:
    resolution: {integrity: sha512-8q7VEgMJW4J8tcfVPy8g09NcQwZdbwFEqhe/WZkoIzjn/3TGDwtOCYtXGxA3O8tPzpczCCDgv+P2P5y00ZJOOg==}
    engines: {node: '>= 8'}
    dev: true

  /micromatch/4.0.2:
    resolution: {integrity: sha512-y7FpHSbMUMoyPbYUSzO6PaZ6FyRnQOpHuKwbo1G+Knck95XVU4QAiKdGEnj5wwoS7PlOgthX/09u5iFJ+aYf5Q==}
    engines: {node: '>=8'}
    dependencies:
      braces: 3.0.2
      picomatch: 2.2.2
    dev: true

  /node-releases/1.1.72:
    resolution: {integrity: sha512-LLUo+PpH3dU6XizX3iVoubUNheF/owjXCZZ5yACDxNnPtgFuludV1ZL3ayK1kVep42Rmm0+R9/Y60NQbZ2bifw==}
    dev: true

  /normalize-path/3.0.0:
    resolution: {integrity: sha512-6eZs5Ls3WtCisHWp9S2GUy8dqkpGi4BVSz3GaqiE6ezub0512ESztXUwUB6C6IKbQkY2Pnb/mD4WYojCRwcwLA==}
    engines: {node: '>=0.10.0'}
    dev: true

  /normalize-range/0.1.2:
    resolution: {integrity: sha1-LRDAa9/TEuqXd2laTShDlFa3WUI=}
    engines: {node: '>=0.10.0'}
    dev: true

  /num2fraction/1.2.2:
    resolution: {integrity: sha1-b2gragJ6Tp3fpFZM0lidHU5mnt4=}
    dev: true

  /p-limit/2.3.0:
    resolution: {integrity: sha512-//88mFWSJx8lxCzwdAABTJL2MyWB12+eIY7MDL2SqLmAkeKU9qxRvWuSyTjm3FUmpBEMuFfckAIqEaVGUDxb6w==}
    engines: {node: '>=6'}
    dependencies:
      p-try: 2.2.0
    dev: true

  /p-locate/4.1.0:
    resolution: {integrity: sha512-R79ZZ/0wAxKGu3oYMlz8jy/kbhsNrS7SKZ7PxEHBgJ5+F2mtFW2fK2cOtBh1cHYkQsbzFV7I+EoRKe6Yt0oK7A==}
    engines: {node: '>=8'}
    dependencies:
      p-limit: 2.3.0
    dev: true

  /p-try/2.2.0:
    resolution: {integrity: sha512-R4nPAVTAU0B9D35/Gk3uJf/7XYbQcyohSKdvAxIRSNghFl4e71hVoGnBNQz9cWaXxO2I10KTC+3jMdvvoKw6dQ==}
    engines: {node: '>=6'}
    dev: true

  /parse-json/4.0.0:
    resolution: {integrity: sha1-vjX1Qlvh9/bHRxhPmKeIy5lHfuA=}
    engines: {node: '>=4'}
    dependencies:
      error-ex: 1.3.2
      json-parse-better-errors: 1.0.2
    dev: true

  /path-exists/4.0.0:
    resolution: {integrity: sha512-ak9Qy5Q7jYb2Wwcey5Fpvg2KoAc/ZIhLSLOSBmRmygPsGwkVVt0fZa0qrtMz+m6tJTAHfZQ8FnmB4MG4LWy7/w==}
    engines: {node: '>=8'}
    dev: true

  /path-type/4.0.0:
    resolution: {integrity: sha512-gDKb8aZMDeD/tZWs9P6+q0J9Mwkdl6xMV8TjnGP3qJVJ06bdMgkbBlLU8IdfOsIsFz2BW1rNVT3XuNEl8zPAvw==}
    engines: {node: '>=8'}
    dev: true

  /picomatch/2.2.2:
    resolution: {integrity: sha512-q0M/9eZHzmr0AulXyPwNfZjtwZ/RBZlbN3K3CErVrk50T2ASYI7Bye0EvekFY3IP1Nt2DHu0re+V2ZHIpMkuWg==}
    engines: {node: '>=8.6'}
    dev: true

  /pify/2.3.0:
    resolution: {integrity: sha1-7RQaasBDqEnqWISY59yosVMw6Qw=}
    engines: {node: '>=0.10.0'}
    dev: true

  /postcss-cli/7.1.2:
    resolution: {integrity: sha512-3mlEmN1v2NVuosMWZM2tP8bgZn7rO5PYxRRrXtdSyL5KipcgBDjJ9ct8/LKxImMCJJi3x5nYhCGFJOkGyEqXBQ==}
    engines: {node: '>=10'}
    hasBin: true
    dependencies:
      chalk: 4.1.0
      chokidar: 3.4.3
      dependency-graph: 0.9.0
      fs-extra: 9.0.1
      get-stdin: 8.0.0
      globby: 11.0.1
      postcss: 7.0.36
      postcss-load-config: 2.1.2
      postcss-reporter: 6.0.1
      pretty-hrtime: 1.0.3
      read-cache: 1.0.0
      yargs: 15.4.1
    dev: true

  /postcss-load-config/2.1.2:
    resolution: {integrity: sha512-/rDeGV6vMUo3mwJZmeHfEDvwnTKKqQ0S7OHUi/kJvvtx3aWtyWG2/0ZWnzCt2keEclwN6Tf0DST2v9kITdOKYw==}
    engines: {node: '>= 4'}
    dependencies:
      cosmiconfig: 5.2.1
      import-cwd: 2.1.0
    dev: true

  /postcss-reporter/6.0.1:
    resolution: {integrity: sha512-LpmQjfRWyabc+fRygxZjpRxfhRf9u/fdlKf4VHG4TSPbV2XNsuISzYW1KL+1aQzx53CAppa1bKG4APIB/DOXXw==}
    engines: {node: '>=6'}
    dependencies:
      chalk: 2.4.2
      lodash: 4.17.21
      log-symbols: 2.2.0
      postcss: 7.0.36
    dev: true

  /postcss-value-parser/4.1.0:
    resolution: {integrity: sha512-97DXOFbQJhk71ne5/Mt6cOu6yxsSfM0QGQyl0L25Gca4yGWEGJaig7l7gbCX623VqTBNGLRLaVUCnNkcedlRSQ==}
    dev: true

  /postcss/7.0.36:
    resolution: {integrity: sha512-BebJSIUMwJHRH0HAQoxN4u1CN86glsrwsW0q7T+/m44eXOUAxSNdHRkNZPYz5vVUbg17hFgOQDE7fZk7li3pZw==}
    engines: {node: '>=6.0.0'}
    dependencies:
      chalk: 2.4.2
      source-map: 0.6.1
      supports-color: 6.1.0
    dev: true

  /pretty-hrtime/1.0.3:
    resolution: {integrity: sha1-t+PqQkNaTJsnWdmeDyAesZWALuE=}
    engines: {node: '>= 0.8'}
    dev: true

  /read-cache/1.0.0:
    resolution: {integrity: sha1-5mTvMRYRZsl1HNvo28+GtftY93Q=}
    dependencies:
      pify: 2.3.0
    dev: true

  /readdirp/3.5.0:
    resolution: {integrity: sha512-cMhu7c/8rdhkHXWsY+osBhfSy0JikwpHK/5+imo+LpeasTF8ouErHrlYkwT0++njiyuDvc7OFY5T3ukvZ8qmFQ==}
    engines: {node: '>=8.10.0'}
    dependencies:
      picomatch: 2.2.2
    dev: true

  /require-directory/2.1.1:
    resolution: {integrity: sha1-jGStX9MNqxyXbiNE/+f3kqam30I=}
    engines: {node: '>=0.10.0'}
    dev: true

  /require-main-filename/2.0.0:
    resolution: {integrity: sha512-NKN5kMDylKuldxYLSUfrbo5Tuzh4hd+2E8NPPX02mZtn1VuREQToYe/ZdlJy+J3uCpfaiGF05e7B8W0iXbQHmg==}
    dev: true

  /resolve-from/3.0.0:
    resolution: {integrity: sha1-six699nWiBvItuZTM17rywoYh0g=}
    engines: {node: '>=4'}
    dev: true

  /reusify/1.0.4:
    resolution: {integrity: sha512-U9nH88a3fc/ekCF1l0/UP1IosiuIjyTh7hBvXVMHYgVcfGvt897Xguj2UOLDeI5BG2m7/uwyaLVT6fbtCwTyzw==}
    engines: {iojs: '>=1.0.0', node: '>=0.10.0'}
    dev: true

  /run-parallel/1.1.9:
    resolution: {integrity: sha512-DEqnSRTDw/Tc3FXf49zedI638Z9onwUotBMiUFKmrO2sdFKIbXamXGQ3Axd4qgphxKB4kw/qP1w5kTxnfU1B9Q==}
    dev: true

  /set-blocking/2.0.0:
    resolution: {integrity: sha1-BF+XgtARrppoA93TgrJDkrPYkPc=}
    dev: true

  /slash/3.0.0:
    resolution: {integrity: sha512-g9Q1haeby36OSStwb4ntCGGGaKsaVSjQ68fBxoQcutl5fS1vuY18H3wSt3jFyFtrkx+Kz0V1G85A4MyAdDMi2Q==}
    engines: {node: '>=8'}
    dev: true

  /source-map/0.6.1:
    resolution: {integrity: sha512-UjgapumWlbMhkBgzT7Ykc5YXUT46F0iKu8SGXq0bcwP5dz/h0Plj6enJqjz1Zbq2l5WaqYnrVbwWOWMyF3F47g==}
    engines: {node: '>=0.10.0'}
    dev: true

  /sprintf-js/1.0.3:
    resolution: {integrity: sha1-BOaSb2YolTVPPdAVIDYzuFcpfiw=}
    dev: true

  /string-width/4.2.0:
    resolution: {integrity: sha512-zUz5JD+tgqtuDjMhwIg5uFVV3dtqZ9yQJlZVfq4I01/K5Paj5UHj7VyrQOJvzawSVlKpObApbfD0Ed6yJc+1eg==}
    engines: {node: '>=8'}
    dependencies:
      emoji-regex: 8.0.0
      is-fullwidth-code-point: 3.0.0
      strip-ansi: 6.0.0
    dev: true

  /strip-ansi/6.0.0:
    resolution: {integrity: sha512-AuvKTrTfQNYNIctbR1K/YGTR1756GycPsg7b9bdV9Duqur4gv6aKqHXah67Z8ImS7WEz5QVcOtlfW2rZEugt6w==}
    engines: {node: '>=8'}
    dependencies:
      ansi-regex: 5.0.0
    dev: true

  /supports-color/5.5.0:
    resolution: {integrity: sha512-QjVjwdXIt408MIiAqCX4oUKsgU2EqAGzs2Ppkm4aQYbjm+ZEWEcW4SfFNTr4uMNZma0ey4f5lgLrkB0aX0QMow==}
    engines: {node: '>=4'}
    dependencies:
      has-flag: 3.0.0
    dev: true

  /supports-color/6.1.0:
    resolution: {integrity: sha512-qe1jfm1Mg7Nq/NSh6XE24gPXROEVsWHxC1LIx//XNlD9iw7YZQGjZNjYN7xGaEG6iKdA8EtNFW6R0gjnVXp+wQ==}
    engines: {node: '>=6'}
    dependencies:
      has-flag: 3.0.0
    dev: true

  /supports-color/7.2.0:
    resolution: {integrity: sha512-qpCAvRl9stuOHveKsn7HncJRvv501qIacKzQlO/+Lwxc9+0q2wLyv4Dfvt80/DPn2pqOBsJdDiogXGR9+OvwRw==}
    engines: {node: '>=8'}
    dependencies:
      has-flag: 4.0.0
    dev: true

  /to-regex-range/5.0.1:
    resolution: {integrity: sha512-65P7iz6X5yEr1cwcgvQxbbIw7Uk3gOy5dIdtZ4rDveLqhrdJP+Li/Hx6tyK0NEb+2GCyneCMJiGqrADCSNk8sQ==}
    engines: {node: '>=8.0'}
    dependencies:
      is-number: 7.0.0
    dev: true

  /universalify/1.0.0:
    resolution: {integrity: sha512-rb6X1W158d7pRQBg5gkR8uPaSfiids68LTJQYOtEUhoJUWBdaQHsuT/EUduxXYxcrt4r5PJ4fuHW1MHT6p0qug==}
    engines: {node: '>= 10.0.0'}
    dev: true

  /which-module/2.0.0:
    resolution: {integrity: sha1-2e8H3Od7mQK4o6j6SzHD4/fm6Ho=}
    dev: true

  /wrap-ansi/6.2.0:
    resolution: {integrity: sha512-r6lPcBGxZXlIcymEu7InxDMhdW0KDxpLgoFLcguasxCaJ/SOIZwINatK9KY/tf+ZrlywOKU0UDj3ATXUBfxJXA==}
    engines: {node: '>=8'}
    dependencies:
      ansi-styles: 4.3.0
      string-width: 4.2.0
      strip-ansi: 6.0.0
    dev: true

  /y18n/4.0.1:
    resolution: {integrity: sha512-wNcy4NvjMYL8gogWWYAO7ZFWFfHcbdbE57tZO8e4cbpj8tfUcwrwqSl3ad8HxpYWCdXcJUCeKKZS62Av1affwQ==}
    dev: true

  /yargs-parser/18.1.3:
    resolution: {integrity: sha512-o50j0JeToy/4K6OZcaQmW6lyXXKhq7csREXcDwk2omFPJEwUNOVtJKvmDr9EI1fAJZUyZcRF7kxGBWmRXudrCQ==}
    engines: {node: '>=6'}
    dependencies:
      camelcase: 5.3.1
      decamelize: 1.2.0
    dev: true

  /yargs/15.4.1:
    resolution: {integrity: sha512-aePbxDmcYW++PaqBsJ+HYUFwCdv4LVvdnhBy78E57PIor8/OVvhMrADFFEDh8DHDFRv/O9i3lPhsENjO7QX0+A==}
    engines: {node: '>=8'}
    dependencies:
      cliui: 6.0.0
      decamelize: 1.2.0
      find-up: 4.1.0
      get-caller-file: 2.0.5
      require-directory: 2.1.1
      require-main-filename: 2.0.0
      set-blocking: 2.0.0
      string-width: 4.2.0
      which-module: 2.0.0
      y18n: 4.0.1
      yargs-parser: 18.1.3
    dev: true
